
Microsoft Visual Studio Solution File, Format Version 12.00
# Visual Studio 15
VisualStudioVersion = 15.0.28307.1062
MinimumVisualStudioVersion = 10.0.40219.1
Project("{FAE04EC0-301F-11D3-BF4B-00C04F79EFBC}") = "Scada.Entity", "Scada.Entity\Scada.Entity.csproj", "{39F22BBF-9CAD-4D0C-89E2-15F4D0C608F1}"
EndProject
Project("{FAE04EC0-301F-11D3-BF4B-00C04F79EFBC}") = "Scada.BLL", "Scada.BLL\Scada.BLL.csproj", "{B04A63D2-6A60-4FBA-AB0E-0BE6758008B2}"
EndProject
Project("{FAE04EC0-301F-11D3-BF4B-00C04F79EFBC}") = "Scada.DAL", "Scada.DAL\Scada.DAL.csproj", "{5C6FBBDB-65C1-42F3-8226-EC4333318F15}"
EndProject
Project("{FAE04EC0-301F-11D3-BF4B-00C04F79EFBC}") = "ScadaApp.Console", "ScadaApp.Console\ScadaApp.Console.csproj", "{A3352AF6-8C27-4108-BA23-FE95A471D999}"
EndProject
Project("{FAE04EC0-301F-11D3-BF4B-00C04F79EFBC}") = "EasyModbus", "EasyModbus\EasyModbus.csproj", "{7657FC4A-AEDF-4F17-B3E9-0D0DFB1CE23B}"
EndProject
Global
	GlobalSection(SolutionConfigurationPlatforms) = preSolution
		Debug|Any CPU = Debug|Any CPU
		DebugCommercial|Any CPU = DebugCommercial|Any CPU
		Release|Any CPU = Release|Any CPU
	EndGlobalSection
	GlobalSection(ProjectConfigurationPlatforms) = postSolution
		{39F22BBF-9CAD-4D0C-89E2-15F4D0C608F1}.Debug|Any CPU.ActiveCfg = Debug|Any CPU
		{39F22BBF-9CAD-4D0C-89E2-15F4D0C608F1}.Debug|Any CPU.Build.0 = Debug|Any CPU
		{39F22BBF-9CAD-4D0C-89E2-15F4D0C608F1}.DebugCommercial|Any CPU.ActiveCfg = Debug|Any CPU
		{39F22BBF-9CAD-4D0C-89E2-15F4D0C608F1}.DebugCommercial|Any CPU.Build.0 = Debug|Any CPU
		{39F22BBF-9CAD-4D0C-89E2-15F4D0C608F1}.Release|Any CPU.ActiveCfg = Release|Any CPU
		{39F22BBF-9CAD-4D0C-89E2-15F4D0C608F1}.Release|Any CPU.Build.0 = Release|Any CPU
		{B04A63D2-6A60-4FBA-AB0E-0BE6758008B2}.Debug|Any CPU.ActiveCfg = Debug|Any CPU
		{B04A63D2-6A60-4FBA-AB0E-0BE6758008B2}.Debug|Any CPU.Build.0 = Debug|Any CPU
		{B04A63D2-6A60-4FBA-AB0E-0BE6758008B2}.DebugCommercial|Any CPU.ActiveCfg = Debug|Any CPU
		{B04A63D2-6A60-4FBA-AB0E-0BE6758008B2}.DebugCommercial|Any CPU.Build.0 = Debug|Any CPU
		{B04A63D2-6A60-4FBA-AB0E-0BE6758008B2}.Release|Any CPU.ActiveCfg = Release|Any CPU
		{B04A63D2-6A60-4FBA-AB0E-0BE6758008B2}.Release|Any CPU.Build.0 = Release|Any CPU
		{5C6FBBDB-65C1-42F3-8226-EC4333318F15}.Debug|Any CPU.ActiveCfg = Debug|Any CPU
		{5C6FBBDB-65C1-42F3-8226-EC4333318F15}.Debug|Any CPU.Build.0 = Debug|Any CPU
		{5C6FBBDB-65C1-42F3-8226-EC4333318F15}.DebugCommercial|Any CPU.ActiveCfg = Debug|Any CPU
		{5C6FBBDB-65C1-42F3-8226-EC4333318F15}.DebugCommercial|Any CPU.Build.0 = Debug|Any CPU
		{5C6FBBDB-65C1-42F3-8226-EC4333318F15}.Release|Any CPU.ActiveCfg = Release|Any CPU
		{5C6FBBDB-65C1-42F3-8226-EC4333318F15}.Release|Any CPU.Build.0 = Release|Any CPU
		{A3352AF6-8C27-4108-BA23-FE95A471D999}.Debug|Any CPU.ActiveCfg = Debug|Any CPU
		{A3352AF6-8C27-4108-BA23-FE95A471D999}.Debug|Any CPU.Build.0 = Debug|Any CPU
		{A3352AF6-8C27-4108-BA23-FE95A471D999}.DebugCommercial|Any CPU.ActiveCfg = Debug|Any CPU
		{A3352AF6-8C27-4108-BA23-FE95A471D999}.DebugCommercial|Any CPU.Build.0 = Debug|Any CPU
		{A3352AF6-8C27-4108-BA23-FE95A471D999}.Release|Any CPU.ActiveCfg = Release|Any CPU
		{A3352AF6-8C27-4108-BA23-FE95A471D999}.Release|Any CPU.Build.0 = Release|Any CPU
		{7657FC4A-AEDF-4F17-B3E9-0D0DFB1CE23B}.Debug|Any CPU.ActiveCfg = Debug|Any CPU
		{7657FC4A-AEDF-4F17-B3E9-0D0DFB1CE23B}.Debug|Any CPU.Build.0 = Debug|Any CPU
		{7657FC4A-AEDF-4F17-B3E9-0D0DFB1CE23B}.DebugCommercial|Any CPU.ActiveCfg = DebugCommercial|Any CPU
		{7657FC4A-AEDF-4F17-B3E9-0D0DFB1CE23B}.DebugCommercial|Any CPU.Build.0 = DebugCommercial|Any CPU
		{7657FC4A-AEDF-4F17-B3E9-0D0DFB1CE23B}.Release|Any CPU.ActiveCfg = Release|Any CPU
		{7657FC4A-AEDF-4F17-B3E9-0D0DFB1CE23B}.Release|Any CPU.Build.0 = Release|Any CPU
	EndGlobalSection
	GlobalSection(SolutionProperties) = preSolution
		HideSolutionNode = FALSE
	EndGlobalSection
	GlobalSection(ExtensibilityGlobals) = postSolution
		SolutionGuid = {A1016AB3-71FF-40EE-AA35-FEC757C24E48}
	EndGlobalSection
EndGlobal
